
Microsoft Visual Studio Solution File, Format Version 12.00
# Visual Studio Version 17
VisualStudioVersion = 17.11.35222.181
MinimumVisualStudioVersion = 10.0.40219.1
Project("{FAE04EC0-301F-11D3-BF4B-00C04F79EFBC}") = "EProjectFinal", "EProjectFinal\EProjectFinal.csproj", "{768E2E79-1A61-46A0-8141-09C0E393451E}"
EndProject
Global
	GlobalSection(SolutionConfigurationPlatforms) = preSolution
		Debug|Any CPU = Debug|Any CPU
		Release|Any CPU = Release|Any CPU
	EndGlobalSection
	GlobalSection(ProjectConfigurationPlatforms) = postSolution
		{768E2E79-1A61-46A0-8141-09C0E393451E}.Debug|Any CPU.ActiveCfg = Debug|Any CPU
		{768E2E79-1A61-46A0-8141-09C0E393451E}.Debug|Any CPU.Build.0 = Debug|Any CPU
		{768E2E79-1A61-46A0-8141-09C0E393451E}.Release|Any CPU.ActiveCfg = Release|Any CPU
		{768E2E79-1A61-46A0-8141-09C0E393451E}.Release|Any CPU.Build.0 = Release|Any CPU
	EndGlobalSection
	GlobalSection(SolutionProperties) = preSolution
		HideSolutionNode = FALSE
	EndGlobalSection
	GlobalSection(ExtensibilityGlobals) = postSolution
		SolutionGuid = {59E2830F-7ACD-41C2-ADAF-F1C02F8F78DB}
	EndGlobalSection
EndGlobal
